
Microsoft Visual Studio Solution File, Format Version 12.00
# Visual Studio Version 17
VisualStudioVersion = 17.9.34622.214
MinimumVisualStudioVersion = 10.0.40219.1
Project("{FAE04EC0-301F-11D3-BF4B-00C04F79EFBC}") = "ConsoleApp3", "ConsoleApp3\ConsoleApp3.csproj", "{79481A4D-CBD9-4FD5-86EC-70CFF85CFEC9}"
EndProject
Global
	GlobalSection(SolutionConfigurationPlatforms) = preSolution
		Debug|Any CPU = Debug|Any CPU
		Release|Any CPU = Release|Any CPU
	EndGlobalSection
	GlobalSection(ProjectConfigurationPlatforms) = postSolution
		{79481A4D-CBD9-4FD5-86EC-70CFF85CFEC9}.Debug|Any CPU.ActiveCfg = Debug|Any CPU
		{79481A4D-CBD9-4FD5-86EC-70CFF85CFEC9}.Debug|Any CPU.Build.0 = Debug|Any CPU
		{79481A4D-CBD9-4FD5-86EC-70CFF85CFEC9}.Release|Any CPU.ActiveCfg = Release|Any CPU
		{79481A4D-CBD9-4FD5-86EC-70CFF85CFEC9}.Release|Any CPU.Build.0 = Release|Any CPU
	EndGlobalSection
	GlobalSection(SolutionProperties) = preSolution
		HideSolutionNode = FALSE
	EndGlobalSection
	GlobalSection(ExtensibilityGlobals) = postSolution
		SolutionGuid = {3482D770-ADC7-4A5A-AC72-7DBD00E404F4}
	EndGlobalSection
EndGlobal
